// !$*UTF8*$!
{
	archiveVersion = 1;
	classes = {
	};
	objectVersion = 46;
	objects = {

/* Begin PBXBuildFile section */
		F54E335B1DA988A7008D301B /* Board+CoreDataClass.swift in Sources */ = {isa = PBXBuildFile; fileRef = F54E33591DA988A7008D301B /* Board+CoreDataClass.swift */; };
		F54E335C1DA988A7008D301B /* Board+CoreDataProperties.swift in Sources */ = {isa = PBXBuildFile; fileRef = F54E335A1DA988A7008D301B /* Board+CoreDataProperties.swift */; };
		F54E335E1DAC9F50008D301B /* AlertControllerHelper.swift in Sources */ = {isa = PBXBuildFile; fileRef = F54E335D1DAC9F50008D301B /* AlertControllerHelper.swift */; };
		F54E33611DAD08FA008D301B /* BoardType.swift in Sources */ = {isa = PBXBuildFile; fileRef = F54E33601DAD08FA008D301B /* BoardType.swift */; };
		F54E33631DAD09CC008D301B /* BoardImpl.swift in Sources */ = {isa = PBXBuildFile; fileRef = F54E33621DAD09CC008D301B /* BoardImpl.swift */; };
		F56EFF521DAF4306007E4914 /* PlayerSearchVC.swift in Sources */ = {isa = PBXBuildFile; fileRef = F56EFF511DAF4306007E4914 /* PlayerSearchVC.swift */; };
		F56EFF541DAF456F007E4914 /* UserDefaultsHelper.swift in Sources */ = {isa = PBXBuildFile; fileRef = F56EFF531DAF456F007E4914 /* UserDefaultsHelper.swift */; };
		F58296D21DB2B9F900284E80 /* PlayerPositionCVC.swift in Sources */ = {isa = PBXBuildFile; fileRef = F58296D11DB2B9F900284E80 /* PlayerPositionCVC.swift */; };
		F58296D51DB2F66400284E80 /* ColorHelper.swift in Sources */ = {isa = PBXBuildFile; fileRef = F58296D41DB2F66400284E80 /* ColorHelper.swift */; };
		F58296D71DB2FCE800284E80 /* PlayerTypeCVC.swift in Sources */ = {isa = PBXBuildFile; fileRef = F58296D61DB2FCE800284E80 /* PlayerTypeCVC.swift */; };
		F58296DA1DB3C23000284E80 /* HighlightStateChanger.swift in Sources */ = {isa = PBXBuildFile; fileRef = F58296D91DB3C23000284E80 /* HighlightStateChanger.swift */; };
		F58720841DAF5264009FEF0F /* LeaguePlayerTVC.swift in Sources */ = {isa = PBXBuildFile; fileRef = F58720831DAF5264009FEF0F /* LeaguePlayerTVC.swift */; };
		F5AAB5911DB29556009EB8F3 /* PlayerInfoVC.swift in Sources */ = {isa = PBXBuildFile; fileRef = F5AAB5901DB29556009EB8F3 /* PlayerInfoVC.swift */; };
		F5AAB5931DB29E31009EB8F3 /* UIVCExtension.swift in Sources */ = {isa = PBXBuildFile; fileRef = F5AAB5921DB29E31009EB8F3 /* UIVCExtension.swift */; };
		F5E72EC31DA46F3B003A4AF9 /* AppDelegate.swift in Sources */ = {isa = PBXBuildFile; fileRef = F5E72EC21DA46F3B003A4AF9 /* AppDelegate.swift */; };
		F5E72EC51DA46F3B003A4AF9 /* MainVC.swift in Sources */ = {isa = PBXBuildFile; fileRef = F5E72EC41DA46F3B003A4AF9 /* MainVC.swift */; };
		F5E72EC81DA46F3B003A4AF9 /* Main.storyboard in Resources */ = {isa = PBXBuildFile; fileRef = F5E72EC61DA46F3B003A4AF9 /* Main.storyboard */; };
		F5E72ECB1DA46F3B003A4AF9 /* Anotame.xcdatamodeld in Sources */ = {isa = PBXBuildFile; fileRef = F5E72EC91DA46F3B003A4AF9 /* Anotame.xcdatamodeld */; };
		F5E72ECD1DA46F3B003A4AF9 /* Assets.xcassets in Resources */ = {isa = PBXBuildFile; fileRef = F5E72ECC1DA46F3B003A4AF9 /* Assets.xcassets */; };
		F5E72ED01DA46F3B003A4AF9 /* LaunchScreen.storyboard in Resources */ = {isa = PBXBuildFile; fileRef = F5E72ECE1DA46F3B003A4AF9 /* LaunchScreen.storyboard */; };
		F5E72EE91DA47616003A4AF9 /* PlayerType+CoreDataClass.swift in Sources */ = {isa = PBXBuildFile; fileRef = F5E72EDB1DA47616003A4AF9 /* PlayerType+CoreDataClass.swift */; };
		F5E72EEA1DA47616003A4AF9 /* PlayerType+CoreDataProperties.swift in Sources */ = {isa = PBXBuildFile; fileRef = F5E72EDC1DA47616003A4AF9 /* PlayerType+CoreDataProperties.swift */; };
		F5E72EEB1DA47616003A4AF9 /* League+CoreDataClass.swift in Sources */ = {isa = PBXBuildFile; fileRef = F5E72EDD1DA47616003A4AF9 /* League+CoreDataClass.swift */; };
		F5E72EEC1DA47616003A4AF9 /* League+CoreDataProperties.swift in Sources */ = {isa = PBXBuildFile; fileRef = F5E72EDE1DA47616003A4AF9 /* League+CoreDataProperties.swift */; };
		F5E72EED1DA47616003A4AF9 /* Player+CoreDataClass.swift in Sources */ = {isa = PBXBuildFile; fileRef = F5E72EDF1DA47616003A4AF9 /* Player+CoreDataClass.swift */; };
		F5E72EEE1DA47616003A4AF9 /* Player+CoreDataProperties.swift in Sources */ = {isa = PBXBuildFile; fileRef = F5E72EE01DA47616003A4AF9 /* Player+CoreDataProperties.swift */; };
		F5E72EEF1DA47616003A4AF9 /* Team+CoreDataClass.swift in Sources */ = {isa = PBXBuildFile; fileRef = F5E72EE11DA47616003A4AF9 /* Team+CoreDataClass.swift */; };
		F5E72EF01DA47616003A4AF9 /* Team+CoreDataProperties.swift in Sources */ = {isa = PBXBuildFile; fileRef = F5E72EE21DA47616003A4AF9 /* Team+CoreDataProperties.swift */; };
		F5E72EF11DA47616003A4AF9 /* PlayerPosition+CoreDataClass.swift in Sources */ = {isa = PBXBuildFile; fileRef = F5E72EE31DA47616003A4AF9 /* PlayerPosition+CoreDataClass.swift */; };
		F5E72EF21DA47616003A4AF9 /* PlayerPosition+CoreDataProperties.swift in Sources */ = {isa = PBXBuildFile; fileRef = F5E72EE41DA47616003A4AF9 /* PlayerPosition+CoreDataProperties.swift */; };
		F5E72EF31DA47616003A4AF9 /* Events+CoreDataClass.swift in Sources */ = {isa = PBXBuildFile; fileRef = F5E72EE51DA47616003A4AF9 /* Events+CoreDataClass.swift */; };
		F5E72EF41DA47616003A4AF9 /* Events+CoreDataProperties.swift in Sources */ = {isa = PBXBuildFile; fileRef = F5E72EE61DA47616003A4AF9 /* Events+CoreDataProperties.swift */; };
		F5E72EF71DA476C0003A4AF9 /* CoreDataHelper.swift in Sources */ = {isa = PBXBuildFile; fileRef = F5E72EF61DA476C0003A4AF9 /* CoreDataHelper.swift */; };
		F5EE7A071DA4857D00B0A6C0 /* AnotameError.swift in Sources */ = {isa = PBXBuildFile; fileRef = F5EE7A061DA4857D00B0A6C0 /* AnotameError.swift */; };
/* End PBXBuildFile section */

/* Begin PBXFileReference section */
		F54E33591DA988A7008D301B /* Board+CoreDataClass.swift */ = {isa = PBXFileReference; fileEncoding = 4; lastKnownFileType = sourcecode.swift; path = "Board+CoreDataClass.swift"; sourceTree = "<group>"; };
		F54E335A1DA988A7008D301B /* Board+CoreDataProperties.swift */ = {isa = PBXFileReference; fileEncoding = 4; lastKnownFileType = sourcecode.swift; path = "Board+CoreDataProperties.swift"; sourceTree = "<group>"; };
		F54E335D1DAC9F50008D301B /* AlertControllerHelper.swift */ = {isa = PBXFileReference; fileEncoding = 4; lastKnownFileType = sourcecode.swift; path = AlertControllerHelper.swift; sourceTree = "<group>"; };
		F54E33601DAD08FA008D301B /* BoardType.swift */ = {isa = PBXFileReference; fileEncoding = 4; lastKnownFileType = sourcecode.swift; path = BoardType.swift; sourceTree = "<group>"; };
		F54E33621DAD09CC008D301B /* BoardImpl.swift */ = {isa = PBXFileReference; fileEncoding = 4; lastKnownFileType = sourcecode.swift; path = BoardImpl.swift; sourceTree = "<group>"; };
		F54E33641DAD0A1C008D301B /* anotame_coredata_v1. 2.xcdatamodel */ = {isa = PBXFileReference; lastKnownFileType = wrapper.xcdatamodel; path = "anotame_coredata_v1. 2.xcdatamodel"; sourceTree = "<group>"; };
		F56EFF511DAF4306007E4914 /* PlayerSearchVC.swift */ = {isa = PBXFileReference; fileEncoding = 4; lastKnownFileType = sourcecode.swift; path = PlayerSearchVC.swift; sourceTree = "<group>"; };
		F56EFF531DAF456F007E4914 /* UserDefaultsHelper.swift */ = {isa = PBXFileReference; fileEncoding = 4; lastKnownFileType = sourcecode.swift; path = UserDefaultsHelper.swift; sourceTree = "<group>"; };
		F58296D11DB2B9F900284E80 /* PlayerPositionCVC.swift */ = {isa = PBXFileReference; fileEncoding = 4; lastKnownFileType = sourcecode.swift; path = PlayerPositionCVC.swift; sourceTree = "<group>"; };
		F58296D41DB2F66400284E80 /* ColorHelper.swift */ = {isa = PBXFileReference; fileEncoding = 4; lastKnownFileType = sourcecode.swift; path = ColorHelper.swift; sourceTree = "<group>"; };
		F58296D61DB2FCE800284E80 /* PlayerTypeCVC.swift */ = {isa = PBXFileReference; fileEncoding = 4; lastKnownFileType = sourcecode.swift; path = PlayerTypeCVC.swift; sourceTree = "<group>"; };
		F58296D91DB3C23000284E80 /* HighlightStateChanger.swift */ = {isa = PBXFileReference; fileEncoding = 4; lastKnownFileType = sourcecode.swift; path = HighlightStateChanger.swift; sourceTree = "<group>"; };
		F58720831DAF5264009FEF0F /* LeaguePlayerTVC.swift */ = {isa = PBXFileReference; fileEncoding = 4; lastKnownFileType = sourcecode.swift; path = LeaguePlayerTVC.swift; sourceTree = "<group>"; };
		F5AAB5901DB29556009EB8F3 /* PlayerInfoVC.swift */ = {isa = PBXFileReference; fileEncoding = 4; lastKnownFileType = sourcecode.swift; path = PlayerInfoVC.swift; sourceTree = "<group>"; };
		F5AAB5921DB29E31009EB8F3 /* UIVCExtension.swift */ = {isa = PBXFileReference; fileEncoding = 4; lastKnownFileType = sourcecode.swift; path = UIVCExtension.swift; sourceTree = "<group>"; };
		F5E72EBF1DA46F3B003A4AF9 /* Anotame.app */ = {isa = PBXFileReference; explicitFileType = wrapper.application; includeInIndex = 0; path = Anotame.app; sourceTree = BUILT_PRODUCTS_DIR; };
		F5E72EC21DA46F3B003A4AF9 /* AppDelegate.swift */ = {isa = PBXFileReference; lastKnownFileType = sourcecode.swift; path = AppDelegate.swift; sourceTree = "<group>"; };
		F5E72EC41DA46F3B003A4AF9 /* MainVC.swift */ = {isa = PBXFileReference; lastKnownFileType = sourcecode.swift; path = MainVC.swift; sourceTree = "<group>"; };
		F5E72EC71DA46F3B003A4AF9 /* Base */ = {isa = PBXFileReference; lastKnownFileType = file.storyboard; name = Base; path = Base.lproj/Main.storyboard; sourceTree = "<group>"; };
		F5E72ECA1DA46F3B003A4AF9 /* Anotame.xcdatamodel */ = {isa = PBXFileReference; lastKnownFileType = wrapper.xcdatamodel; path = Anotame.xcdatamodel; sourceTree = "<group>"; };
		F5E72ECC1DA46F3B003A4AF9 /* Assets.xcassets */ = {isa = PBXFileReference; lastKnownFileType = folder.assetcatalog; path = Assets.xcassets; sourceTree = "<group>"; };
		F5E72ECF1DA46F3B003A4AF9 /* Base */ = {isa = PBXFileReference; lastKnownFileType = file.storyboard; name = Base; path = Base.lproj/LaunchScreen.storyboard; sourceTree = "<group>"; };
		F5E72ED11DA46F3B003A4AF9 /* Info.plist */ = {isa = PBXFileReference; lastKnownFileType = text.plist.xml; path = Info.plist; sourceTree = "<group>"; };
		F5E72ED71DA4759A003A4AF9 /* anotame_coredata_v1.0.xcdatamodel */ = {isa = PBXFileReference; lastKnownFileType = wrapper.xcdatamodel; path = anotame_coredata_v1.0.xcdatamodel; sourceTree = "<group>"; };
		F5E72EDB1DA47616003A4AF9 /* PlayerType+CoreDataClass.swift */ = {isa = PBXFileReference; fileEncoding = 4; lastKnownFileType = sourcecode.swift; path = "PlayerType+CoreDataClass.swift"; sourceTree = "<group>"; };
		F5E72EDC1DA47616003A4AF9 /* PlayerType+CoreDataProperties.swift */ = {isa = PBXFileReference; fileEncoding = 4; lastKnownFileType = sourcecode.swift; path = "PlayerType+CoreDataProperties.swift"; sourceTree = "<group>"; };
		F5E72EDD1DA47616003A4AF9 /* League+CoreDataClass.swift */ = {isa = PBXFileReference; fileEncoding = 4; lastKnownFileType = sourcecode.swift; path = "League+CoreDataClass.swift"; sourceTree = "<group>"; };
		F5E72EDE1DA47616003A4AF9 /* League+CoreDataProperties.swift */ = {isa = PBXFileReference; fileEncoding = 4; lastKnownFileType = sourcecode.swift; path = "League+CoreDataProperties.swift"; sourceTree = "<group>"; };
		F5E72EDF1DA47616003A4AF9 /* Player+CoreDataClass.swift */ = {isa = PBXFileReference; fileEncoding = 4; lastKnownFileType = sourcecode.swift; path = "Player+CoreDataClass.swift"; sourceTree = "<group>"; };
		F5E72EE01DA47616003A4AF9 /* Player+CoreDataProperties.swift */ = {isa = PBXFileReference; fileEncoding = 4; lastKnownFileType = sourcecode.swift; path = "Player+CoreDataProperties.swift"; sourceTree = "<group>"; };
		F5E72EE11DA47616003A4AF9 /* Team+CoreDataClass.swift */ = {isa = PBXFileReference; fileEncoding = 4; lastKnownFileType = sourcecode.swift; path = "Team+CoreDataClass.swift"; sourceTree = "<group>"; };
		F5E72EE21DA47616003A4AF9 /* Team+CoreDataProperties.swift */ = {isa = PBXFileReference; fileEncoding = 4; lastKnownFileType = sourcecode.swift; path = "Team+CoreDataProperties.swift"; sourceTree = "<group>"; };
		F5E72EE31DA47616003A4AF9 /* PlayerPosition+CoreDataClass.swift */ = {isa = PBXFileReference; fileEncoding = 4; lastKnownFileType = sourcecode.swift; path = "PlayerPosition+CoreDataClass.swift"; sourceTree = "<group>"; };
		F5E72EE41DA47616003A4AF9 /* PlayerPosition+CoreDataProperties.swift */ = {isa = PBXFileReference; fileEncoding = 4; lastKnownFileType = sourcecode.swift; path = "PlayerPosition+CoreDataProperties.swift"; sourceTree = "<group>"; };
		F5E72EE51DA47616003A4AF9 /* Events+CoreDataClass.swift */ = {isa = PBXFileReference; fileEncoding = 4; lastKnownFileType = sourcecode.swift; path = "Events+CoreDataClass.swift"; sourceTree = "<group>"; };
		F5E72EE61DA47616003A4AF9 /* Events+CoreDataProperties.swift */ = {isa = PBXFileReference; fileEncoding = 4; lastKnownFileType = sourcecode.swift; path = "Events+CoreDataProperties.swift"; sourceTree = "<group>"; };
		F5E72EF61DA476C0003A4AF9 /* CoreDataHelper.swift */ = {isa = PBXFileReference; fileEncoding = 4; lastKnownFileType = sourcecode.swift; path = CoreDataHelper.swift; sourceTree = "<group>"; };
		F5EE7A061DA4857D00B0A6C0 /* AnotameError.swift */ = {isa = PBXFileReference; fileEncoding = 4; lastKnownFileType = sourcecode.swift; path = AnotameError.swift; sourceTree = "<group>"; };
/* End PBXFileReference section */

/* Begin PBXFrameworksBuildPhase section */
		F5E72EBC1DA46F3A003A4AF9 /* Frameworks */ = {
			isa = PBXFrameworksBuildPhase;
			buildActionMask = 2147483647;
			files = (
			);
			runOnlyForDeploymentPostprocessing = 0;
		};
/* End PBXFrameworksBuildPhase section */

/* Begin PBXGroup section */
		F54E335F1DACA1B9008D301B /* models */ = {
			isa = PBXGroup;
			children = (
				F54E33601DAD08FA008D301B /* BoardType.swift */,
				F54E33621DAD09CC008D301B /* BoardImpl.swift */,
			);
			name = models;
			sourceTree = "<group>";
		};
		F56EFF501DAF42DF007E4914 /* controllers */ = {
			isa = PBXGroup;
			children = (
				F58720821DAF5249009FEF0F /* cell */,
				F5E72EC41DA46F3B003A4AF9 /* MainVC.swift */,
				F56EFF511DAF4306007E4914 /* PlayerSearchVC.swift */,
				F5AAB5901DB29556009EB8F3 /* PlayerInfoVC.swift */,
			);
			name = controllers;
			sourceTree = "<group>";
		};
		F58296D31DB2BA3700284E80 /* dtos */ = {
			isa = PBXGroup;
			children = (
			);
			name = dtos;
			sourceTree = "<group>";
		};
		F58296D81DB3C21A00284E80 /* protocols */ = {
			isa = PBXGroup;
			children = (
				F58296D91DB3C23000284E80 /* HighlightStateChanger.swift */,
			);
			name = protocols;
			sourceTree = "<group>";
		};
		F58720821DAF5249009FEF0F /* cell */ = {
			isa = PBXGroup;
			children = (
				F58720831DAF5264009FEF0F /* LeaguePlayerTVC.swift */,
				F58296D11DB2B9F900284E80 /* PlayerPositionCVC.swift */,
				F58296D61DB2FCE800284E80 /* PlayerTypeCVC.swift */,
			);
			name = cell;
			sourceTree = "<group>";
		};
		F5E72EB61DA46F3A003A4AF9 = {
			isa = PBXGroup;
			children = (
				F5E72EC11DA46F3B003A4AF9 /* Anotame */,
				F5E72EC01DA46F3B003A4AF9 /* Products */,
			);
			sourceTree = "<group>";
		};
		F5E72EC01DA46F3B003A4AF9 /* Products */ = {
			isa = PBXGroup;
			children = (
				F5E72EBF1DA46F3B003A4AF9 /* Anotame.app */,
			);
			name = Products;
			sourceTree = "<group>";
		};
		F5E72EC11DA46F3B003A4AF9 /* Anotame */ = {
			isa = PBXGroup;
			children = (
				F58296D81DB3C21A00284E80 /* protocols */,
				F58296D31DB2BA3700284E80 /* dtos */,
				F54E335F1DACA1B9008D301B /* models */,
				F5EE7A051DA4854000B0A6C0 /* errors */,
				F5E72EF51DA476A4003A4AF9 /* utils */,
				F5E72ED81DA475AE003A4AF9 /* entities */,
				F5E72EC21DA46F3B003A4AF9 /* AppDelegate.swift */,
				F56EFF501DAF42DF007E4914 /* controllers */,
				F5E72EC61DA46F3B003A4AF9 /* Main.storyboard */,
				F5E72ECC1DA46F3B003A4AF9 /* Assets.xcassets */,
				F5E72ECE1DA46F3B003A4AF9 /* LaunchScreen.storyboard */,
				F5E72ED11DA46F3B003A4AF9 /* Info.plist */,
				F5E72EC91DA46F3B003A4AF9 /* Anotame.xcdatamodeld */,
			);
			path = Anotame;
			sourceTree = "<group>";
		};
		F5E72ED81DA475AE003A4AF9 /* entities */ = {
			isa = PBXGroup;
			children = (
				F54E33591DA988A7008D301B /* Board+CoreDataClass.swift */,
				F54E335A1DA988A7008D301B /* Board+CoreDataProperties.swift */,
				F5E72EDB1DA47616003A4AF9 /* PlayerType+CoreDataClass.swift */,
				F5E72EDC1DA47616003A4AF9 /* PlayerType+CoreDataProperties.swift */,
				F5E72EDD1DA47616003A4AF9 /* League+CoreDataClass.swift */,
				F5E72EDE1DA47616003A4AF9 /* League+CoreDataProperties.swift */,
				F5E72EDF1DA47616003A4AF9 /* Player+CoreDataClass.swift */,
				F5E72EE01DA47616003A4AF9 /* Player+CoreDataProperties.swift */,
				F5E72EE11DA47616003A4AF9 /* Team+CoreDataClass.swift */,
				F5E72EE21DA47616003A4AF9 /* Team+CoreDataProperties.swift */,
				F5E72EE31DA47616003A4AF9 /* PlayerPosition+CoreDataClass.swift */,
				F5E72EE41DA47616003A4AF9 /* PlayerPosition+CoreDataProperties.swift */,
				F5E72EE51DA47616003A4AF9 /* Events+CoreDataClass.swift */,
				F5E72EE61DA47616003A4AF9 /* Events+CoreDataProperties.swift */,
			);
			name = entities;
			sourceTree = "<group>";
		};
		F5E72EF51DA476A4003A4AF9 /* utils */ = {
			isa = PBXGroup;
			children = (
				F5E72EF61DA476C0003A4AF9 /* CoreDataHelper.swift */,
				F54E335D1DAC9F50008D301B /* AlertControllerHelper.swift */,
				F56EFF531DAF456F007E4914 /* UserDefaultsHelper.swift */,
				F5AAB5921DB29E31009EB8F3 /* UIVCExtension.swift */,
				F58296D41DB2F66400284E80 /* ColorHelper.swift */,
			);
			name = utils;
			sourceTree = "<group>";
		};
		F5EE7A051DA4854000B0A6C0 /* errors */ = {
			isa = PBXGroup;
			children = (
				F5EE7A061DA4857D00B0A6C0 /* AnotameError.swift */,
			);
			name = errors;
			sourceTree = "<group>";
		};
/* End PBXGroup section */

/* Begin PBXNativeTarget section */
		F5E72EBE1DA46F3A003A4AF9 /* Anotame */ = {
			isa = PBXNativeTarget;
			buildConfigurationList = F5E72ED41DA46F3B003A4AF9 /* Build configuration list for PBXNativeTarget "Anotame" */;
			buildPhases = (
				F5E72EBB1DA46F3A003A4AF9 /* Sources */,
				F5E72EBC1DA46F3A003A4AF9 /* Frameworks */,
				F5E72EBD1DA46F3A003A4AF9 /* Resources */,
			);
			buildRules = (
			);
			dependencies = (
			);
			name = Anotame;
			productName = Anotame;
			productReference = F5E72EBF1DA46F3B003A4AF9 /* Anotame.app */;
			productType = "com.apple.product-type.application";
		};
/* End PBXNativeTarget section */

/* Begin PBXProject section */
		F5E72EB71DA46F3A003A4AF9 /* Project object */ = {
			isa = PBXProject;
			attributes = {
				LastSwiftUpdateCheck = 0800;
				LastUpgradeCheck = 0800;
				ORGANIZATIONNAME = "Bearded Gentleman";
				TargetAttributes = {
					F5E72EBE1DA46F3A003A4AF9 = {
						CreatedOnToolsVersion = 8.0;
						DevelopmentTeam = 7XYHS53D2W;
						ProvisioningStyle = Automatic;
					};
				};
			};
			buildConfigurationList = F5E72EBA1DA46F3A003A4AF9 /* Build configuration list for PBXProject "Anotame" */;
			compatibilityVersion = "Xcode 3.2";
			developmentRegion = English;
			hasScannedForEncodings = 0;
			knownRegions = (
				en,
				Base,
			);
			mainGroup = F5E72EB61DA46F3A003A4AF9;
			productRefGroup = F5E72EC01DA46F3B003A4AF9 /* Products */;
			projectDirPath = "";
			projectRoot = "";
			targets = (
				F5E72EBE1DA46F3A003A4AF9 /* Anotame */,
			);
		};
/* End PBXProject section */

/* Begin PBXResourcesBuildPhase section */
		F5E72EBD1DA46F3A003A4AF9 /* Resources */ = {
			isa = PBXResourcesBuildPhase;
			buildActionMask = 2147483647;
			files = (
				F5E72ED01DA46F3B003A4AF9 /* LaunchScreen.storyboard in Resources */,
				F5E72ECD1DA46F3B003A4AF9 /* Assets.xcassets in Resources */,
				F5E72EC81DA46F3B003A4AF9 /* Main.storyboard in Resources */,
			);
			runOnlyForDeploymentPostprocessing = 0;
		};
/* End PBXResourcesBuildPhase section */

/* Begin PBXSourcesBuildPhase section */
		F5E72EBB1DA46F3A003A4AF9 /* Sources */ = {
			isa = PBXSourcesBuildPhase;
			buildActionMask = 2147483647;
			files = (
				F54E335B1DA988A7008D301B /* Board+CoreDataClass.swift in Sources */,
				F5E72EF21DA47616003A4AF9 /* PlayerPosition+CoreDataProperties.swift in Sources */,
				F54E335E1DAC9F50008D301B /* AlertControllerHelper.swift in Sources */,
				F56EFF521DAF4306007E4914 /* PlayerSearchVC.swift in Sources */,
				F5E72EC51DA46F3B003A4AF9 /* MainVC.swift in Sources */,
				F5E72ECB1DA46F3B003A4AF9 /* Anotame.xcdatamodeld in Sources */,
				F5E72EF11DA47616003A4AF9 /* PlayerPosition+CoreDataClass.swift in Sources */,
				F5AAB5931DB29E31009EB8F3 /* UIVCExtension.swift in Sources */,
				F5E72EEA1DA47616003A4AF9 /* PlayerType+CoreDataProperties.swift in Sources */,
				F5E72EF71DA476C0003A4AF9 /* CoreDataHelper.swift in Sources */,
				F5E72EF01DA47616003A4AF9 /* Team+CoreDataProperties.swift in Sources */,
				F5E72EEB1DA47616003A4AF9 /* League+CoreDataClass.swift in Sources */,
				F58720841DAF5264009FEF0F /* LeaguePlayerTVC.swift in Sources */,
				F5E72EEE1DA47616003A4AF9 /* Player+CoreDataProperties.swift in Sources */,
				F54E335C1DA988A7008D301B /* Board+CoreDataProperties.swift in Sources */,
				F5E72EEF1DA47616003A4AF9 /* Team+CoreDataClass.swift in Sources */,
				F54E33611DAD08FA008D301B /* BoardType.swift in Sources */,
				F5AAB5911DB29556009EB8F3 /* PlayerInfoVC.swift in Sources */,
				F54E33631DAD09CC008D301B /* BoardImpl.swift in Sources */,
				F5EE7A071DA4857D00B0A6C0 /* AnotameError.swift in Sources */,
				F5E72EF41DA47616003A4AF9 /* Events+CoreDataProperties.swift in Sources */,
				F5E72EC31DA46F3B003A4AF9 /* AppDelegate.swift in Sources */,
				F58296D51DB2F66400284E80 /* ColorHelper.swift in Sources */,
				F5E72EED1DA47616003A4AF9 /* Player+CoreDataClass.swift in Sources */,
				F5E72EE91DA47616003A4AF9 /* PlayerType+CoreDataClass.swift in Sources */,
				F58296D21DB2B9F900284E80 /* PlayerPositionCVC.swift in Sources */,
				F5E72EEC1DA47616003A4AF9 /* League+CoreDataProperties.swift in Sources */,
				F56EFF541DAF456F007E4914 /* UserDefaultsHelper.swift in Sources */,
				F5E72EF31DA47616003A4AF9 /* Events+CoreDataClass.swift in Sources */,
				F58296D71DB2FCE800284E80 /* PlayerTypeCVC.swift in Sources */,
				F58296DA1DB3C23000284E80 /* HighlightStateChanger.swift in Sources */,
			);
			runOnlyForDeploymentPostprocessing = 0;
		};
/* End PBXSourcesBuildPhase section */

/* Begin PBXVariantGroup section */
		F5E72EC61DA46F3B003A4AF9 /* Main.storyboard */ = {
			isa = PBXVariantGroup;
			children = (
				F5E72EC71DA46F3B003A4AF9 /* Base */,
			);
			name = Main.storyboard;
			sourceTree = "<group>";
		};
		F5E72ECE1DA46F3B003A4AF9 /* LaunchScreen.storyboard */ = {
			isa = PBXVariantGroup;
			children = (
				F5E72ECF1DA46F3B003A4AF9 /* Base */,
			);
			name = LaunchScreen.storyboard;
			sourceTree = "<group>";
		};
/* End PBXVariantGroup section */

/* Begin XCBuildConfiguration section */
		F5E72ED21DA46F3B003A4AF9 /* Debug */ = {
			isa = XCBuildConfiguration;
			buildSettings = {
				ALWAYS_SEARCH_USER_PATHS = NO;
				CLANG_ANALYZER_NONNULL = YES;
				CLANG_CXX_LANGUAGE_STANDARD = "gnu++0x";
				CLANG_CXX_LIBRARY = "libc++";
				CLANG_ENABLE_MODULES = YES;
				CLANG_ENABLE_OBJC_ARC = YES;
				CLANG_WARN_BOOL_CONVERSION = YES;
				CLANG_WARN_CONSTANT_CONVERSION = YES;
				CLANG_WARN_DIRECT_OBJC_ISA_USAGE = YES_ERROR;
				CLANG_WARN_DOCUMENTATION_COMMENTS = YES;
				CLANG_WARN_EMPTY_BODY = YES;
				CLANG_WARN_ENUM_CONVERSION = YES;
				CLANG_WARN_INFINITE_RECURSION = YES;
				CLANG_WARN_INT_CONVERSION = YES;
				CLANG_WARN_OBJC_ROOT_CLASS = YES_ERROR;
				CLANG_WARN_SUSPICIOUS_MOVES = YES;
				CLANG_WARN_UNREACHABLE_CODE = YES;
				CLANG_WARN__DUPLICATE_METHOD_MATCH = YES;
				"CODE_SIGN_IDENTITY[sdk=iphoneos*]" = "iPhone Developer";
				COPY_PHASE_STRIP = NO;
				DEBUG_INFORMATION_FORMAT = dwarf;
				ENABLE_STRICT_OBJC_MSGSEND = YES;
				ENABLE_TESTABILITY = YES;
				GCC_C_LANGUAGE_STANDARD = gnu99;
				GCC_DYNAMIC_NO_PIC = NO;
				GCC_NO_COMMON_BLOCKS = YES;
				GCC_OPTIMIZATION_LEVEL = 0;
				GCC_PREPROCESSOR_DEFINITIONS = (
					"DEBUG=1",
					"$(inherited)",
				);
				GCC_WARN_64_TO_32_BIT_CONVERSION = YES;
				GCC_WARN_ABOUT_RETURN_TYPE = YES_ERROR;
				GCC_WARN_UNDECLARED_SELECTOR = YES;
				GCC_WARN_UNINITIALIZED_AUTOS = YES_AGGRESSIVE;
				GCC_WARN_UNUSED_FUNCTION = YES;
				GCC_WARN_UNUSED_VARIABLE = YES;
				IPHONEOS_DEPLOYMENT_TARGET = 10.0;
				MTL_ENABLE_DEBUG_INFO = YES;
				ONLY_ACTIVE_ARCH = YES;
				SDKROOT = iphoneos;
				SWIFT_ACTIVE_COMPILATION_CONDITIONS = DEBUG;
				SWIFT_OPTIMIZATION_LEVEL = "-Onone";
				TARGETED_DEVICE_FAMILY = "1,2";
			};
			name = Debug;
		};
		F5E72ED31DA46F3B003A4AF9 /* Release */ = {
			isa = XCBuildConfiguration;
			buildSettings = {
				ALWAYS_SEARCH_USER_PATHS = NO;
				CLANG_ANALYZER_NONNULL = YES;
				CLANG_CXX_LANGUAGE_STANDARD = "gnu++0x";
				CLANG_CXX_LIBRARY = "libc++";
				CLANG_ENABLE_MODULES = YES;
				CLANG_ENABLE_OBJC_ARC = YES;
				CLANG_WARN_BOOL_CONVERSION = YES;
				CLANG_WARN_CONSTANT_CONVERSION = YES;
				CLANG_WARN_DIRECT_OBJC_ISA_USAGE = YES_ERROR;
				CLANG_WARN_DOCUMENTATION_COMMENTS = YES;
				CLANG_WARN_EMPTY_BODY = YES;
				CLANG_WARN_ENUM_CONVERSION = YES;
				CLANG_WARN_INFINITE_RECURSION = YES;
				CLANG_WARN_INT_CONVERSION = YES;
				CLANG_WARN_OBJC_ROOT_CLASS = YES_ERROR;
				CLANG_WARN_SUSPICIOUS_MOVES = YES;
				CLANG_WARN_UNREACHABLE_CODE = YES;
				CLANG_WARN__DUPLICATE_METHOD_MATCH = YES;
				"CODE_SIGN_IDENTITY[sdk=iphoneos*]" = "iPhone Developer";
				COPY_PHASE_STRIP = NO;
				DEBUG_INFORMATION_FORMAT = "dwarf-with-dsym";
				ENABLE_NS_ASSERTIONS = NO;
				ENABLE_STRICT_OBJC_MSGSEND = YES;
				GCC_C_LANGUAGE_STANDARD = gnu99;
				GCC_NO_COMMON_BLOCKS = YES;
				GCC_WARN_64_TO_32_BIT_CONVERSION = YES;
				GCC_WARN_ABOUT_RETURN_TYPE = YES_ERROR;
				GCC_WARN_UNDECLARED_SELECTOR = YES;
				GCC_WARN_UNINITIALIZED_AUTOS = YES_AGGRESSIVE;
				GCC_WARN_UNUSED_FUNCTION = YES;
				GCC_WARN_UNUSED_VARIABLE = YES;
				IPHONEOS_DEPLOYMENT_TARGET = 10.0;
				MTL_ENABLE_DEBUG_INFO = NO;
				SDKROOT = iphoneos;
				SWIFT_OPTIMIZATION_LEVEL = "-Owholemodule";
				TARGETED_DEVICE_FAMILY = "1,2";
				VALIDATE_PRODUCT = YES;
			};
			name = Release;
		};
		F5E72ED51DA46F3B003A4AF9 /* Debug */ = {
			isa = XCBuildConfiguration;
			buildSettings = {
				ASSETCATALOG_COMPILER_APPICON_NAME = AppIcon;
				DEVELOPMENT_TEAM = 7XYHS53D2W;
				INFOPLIST_FILE = Anotame/Info.plist;
				LD_RUNPATH_SEARCH_PATHS = "$(inherited) @executable_path/Frameworks";
				PRODUCT_BUNDLE_IDENTIFIER = com.beardedgentleman.anotame.Anotame;
				PRODUCT_NAME = "$(TARGET_NAME)";
				SWIFT_VERSION = 3.0;
			};
			name = Debug;
		};
		F5E72ED61DA46F3B003A4AF9 /* Release */ = {
			isa = XCBuildConfiguration;
			buildSettings = {
				ASSETCATALOG_COMPILER_APPICON_NAME = AppIcon;
				DEVELOPMENT_TEAM = 7XYHS53D2W;
				INFOPLIST_FILE = Anotame/Info.plist;
				LD_RUNPATH_SEARCH_PATHS = "$(inherited) @executable_path/Frameworks";
				PRODUCT_BUNDLE_IDENTIFIER = com.beardedgentleman.anotame.Anotame;
				PRODUCT_NAME = "$(TARGET_NAME)";
				SWIFT_VERSION = 3.0;
			};
			name = Release;
		};
/* End XCBuildConfiguration section */

/* Begin XCConfigurationList section */
		F5E72EBA1DA46F3A003A4AF9 /* Build configuration list for PBXProject "Anotame" */ = {
			isa = XCConfigurationList;
			buildConfigurations = (
				F5E72ED21DA46F3B003A4AF9 /* Debug */,
				F5E72ED31DA46F3B003A4AF9 /* Release */,
			);
			defaultConfigurationIsVisible = 0;
			defaultConfigurationName = Release;
		};
		F5E72ED41DA46F3B003A4AF9 /* Build configuration list for PBXNativeTarget "Anotame" */ = {
			isa = XCConfigurationList;
			buildConfigurations = (
				F5E72ED51DA46F3B003A4AF9 /* Debug */,
				F5E72ED61DA46F3B003A4AF9 /* Release */,
			);
			defaultConfigurationIsVisible = 0;
			defaultConfigurationName = Release;
		};
/* End XCConfigurationList section */

/* Begin XCVersionGroup section */
		F5E72EC91DA46F3B003A4AF9 /* Anotame.xcdatamodeld */ = {
			isa = XCVersionGroup;
			children = (
				F54E33641DAD0A1C008D301B /* anotame_coredata_v1. 2.xcdatamodel */,
				F5E72ED71DA4759A003A4AF9 /* anotame_coredata_v1.0.xcdatamodel */,
				F5E72ECA1DA46F3B003A4AF9 /* Anotame.xcdatamodel */,
			);
			currentVersion = F54E33641DAD0A1C008D301B /* anotame_coredata_v1. 2.xcdatamodel */;
			path = Anotame.xcdatamodeld;
			sourceTree = "<group>";
			versionGroupType = wrapper.xcdatamodel;
		};
/* End XCVersionGroup section */
	};
	rootObject = F5E72EB71DA46F3A003A4AF9 /* Project object */;
}
